
Microsoft Visual Studio Solution File, Format Version 12.00
# Visual Studio Version 17
VisualStudioVersion = 17.6.33829.357
MinimumVisualStudioVersion = 10.0.40219.1
Project("{FAE04EC0-301F-11D3-BF4B-00C04F79EFBC}") = "AceTests", "AceTests.csproj", "{80755C6E-D860-4DAB-8553-D24E2723B5E4}"
EndProject
Project("{9A19103F-16F7-4668-BE54-9A1E7A4F7556}") = "Ace", "..\Ace.csproj", "{28E89EFD-B77F-4818-9275-C5BAF148EE6F}"
EndProject
Global
	GlobalSection(SolutionConfigurationPlatforms) = preSolution
		Debug|Any CPU = Debug|Any CPU
		ExportDebug|Any CPU = ExportDebug|Any CPU
		ExportRelease|Any CPU = ExportRelease|Any CPU
		Release|Any CPU = Release|Any CPU
	EndGlobalSection
	GlobalSection(ProjectConfigurationPlatforms) = postSolution
		{80755C6E-D860-4DAB-8553-D24E2723B5E4}.Debug|Any CPU.ActiveCfg = Debug|Any CPU
		{80755C6E-D860-4DAB-8553-D24E2723B5E4}.Debug|Any CPU.Build.0 = Debug|Any CPU
		{80755C6E-D860-4DAB-8553-D24E2723B5E4}.ExportDebug|Any CPU.ActiveCfg = Debug|Any CPU
		{80755C6E-D860-4DAB-8553-D24E2723B5E4}.ExportDebug|Any CPU.Build.0 = Debug|Any CPU
		{80755C6E-D860-4DAB-8553-D24E2723B5E4}.ExportRelease|Any CPU.ActiveCfg = Release|Any CPU
		{80755C6E-D860-4DAB-8553-D24E2723B5E4}.ExportRelease|Any CPU.Build.0 = Release|Any CPU
		{80755C6E-D860-4DAB-8553-D24E2723B5E4}.Release|Any CPU.ActiveCfg = Release|Any CPU
		{80755C6E-D860-4DAB-8553-D24E2723B5E4}.Release|Any CPU.Build.0 = Release|Any CPU
		{28E89EFD-B77F-4818-9275-C5BAF148EE6F}.Debug|Any CPU.ActiveCfg = Debug|Any CPU
		{28E89EFD-B77F-4818-9275-C5BAF148EE6F}.Debug|Any CPU.Build.0 = Debug|Any CPU
		{28E89EFD-B77F-4818-9275-C5BAF148EE6F}.ExportDebug|Any CPU.ActiveCfg = ExportDebug|Any CPU
		{28E89EFD-B77F-4818-9275-C5BAF148EE6F}.ExportDebug|Any CPU.Build.0 = ExportDebug|Any CPU
		{28E89EFD-B77F-4818-9275-C5BAF148EE6F}.ExportRelease|Any CPU.ActiveCfg = ExportRelease|Any CPU
		{28E89EFD-B77F-4818-9275-C5BAF148EE6F}.ExportRelease|Any CPU.Build.0 = ExportRelease|Any CPU
		{28E89EFD-B77F-4818-9275-C5BAF148EE6F}.Release|Any CPU.ActiveCfg = ExportRelease|Any CPU
		{28E89EFD-B77F-4818-9275-C5BAF148EE6F}.Release|Any CPU.Build.0 = ExportRelease|Any CPU
	EndGlobalSection
	GlobalSection(SolutionProperties) = preSolution
		HideSolutionNode = FALSE
	EndGlobalSection
	GlobalSection(ExtensibilityGlobals) = postSolution
		SolutionGuid = {DAF42572-F6C6-4CCA-9213-3CC72E0D3385}
	EndGlobalSection
EndGlobal
