
Microsoft Visual Studio Solution File, Format Version 12.00
# Visual Studio Version 17
VisualStudioVersion = 17.6.33829.357
MinimumVisualStudioVersion = 10.0.40219.1
Project("{9A19103F-16F7-4668-BE54-9A1E7A4F7556}") = "Ace", "Ace.csproj", "{5AEA63EC-412A-4632-8AE4-FEDC0D3AD44E}"
EndProject
Global
	GlobalSection(SolutionConfigurationPlatforms) = preSolution
		Debug|Any CPU = Debug|Any CPU
		ExportDebug|Any CPU = ExportDebug|Any CPU
		ExportRelease|Any CPU = ExportRelease|Any CPU
		Release|Any CPU = Release|Any CPU
	EndGlobalSection
	GlobalSection(ProjectConfigurationPlatforms) = postSolution
		{5AEA63EC-412A-4632-8AE4-FEDC0D3AD44E}.Debug|Any CPU.ActiveCfg = Debug|Any CPU
		{5AEA63EC-412A-4632-8AE4-FEDC0D3AD44E}.Debug|Any CPU.Build.0 = Debug|Any CPU
		{5AEA63EC-412A-4632-8AE4-FEDC0D3AD44E}.ExportDebug|Any CPU.ActiveCfg = ExportDebug|Any CPU
		{5AEA63EC-412A-4632-8AE4-FEDC0D3AD44E}.ExportDebug|Any CPU.Build.0 = ExportDebug|Any CPU
		{5AEA63EC-412A-4632-8AE4-FEDC0D3AD44E}.ExportRelease|Any CPU.ActiveCfg = ExportRelease|Any CPU
		{5AEA63EC-412A-4632-8AE4-FEDC0D3AD44E}.ExportRelease|Any CPU.Build.0 = ExportRelease|Any CPU
		{5AEA63EC-412A-4632-8AE4-FEDC0D3AD44E}.Release|Any CPU.ActiveCfg = ExportRelease|Any CPU
		{5AEA63EC-412A-4632-8AE4-FEDC0D3AD44E}.Release|Any CPU.Build.0 = ExportRelease|Any CPU
	EndGlobalSection
	GlobalSection(SolutionProperties) = preSolution
		HideSolutionNode = FALSE
	EndGlobalSection
	GlobalSection(ExtensibilityGlobals) = postSolution
		SolutionGuid = {2A37A79E-5A94-4E6A-95A6-F23A1239A224}
	EndGlobalSection
EndGlobal
